
Microsoft Visual Studio Solution File, Format Version 12.00
# Visual Studio Version 17
VisualStudioVersion = 17.5.002.0
MinimumVisualStudioVersion = 10.0.40219.1
Project("{9A19103F-16F7-4668-BE54-9A1E7A4F7556}") = "be-booktour", "be-booktour.csproj", "{5BECF891-B4B2-4919-BE09-035073542F96}"
EndProject
Global
	GlobalSection(SolutionConfigurationPlatforms) = preSolution
		Debug|Any CPU = Debug|Any CPU
		Release|Any CPU = Release|Any CPU
	EndGlobalSection
	GlobalSection(ProjectConfigurationPlatforms) = postSolution
		{5BECF891-B4B2-4919-BE09-035073542F96}.Debug|Any CPU.ActiveCfg = Debug|Any CPU
		{5BECF891-B4B2-4919-BE09-035073542F96}.Debug|Any CPU.Build.0 = Debug|Any CPU
		{5BECF891-B4B2-4919-BE09-035073542F96}.Release|Any CPU.ActiveCfg = Release|Any CPU
		{5BECF891-B4B2-4919-BE09-035073542F96}.Release|Any CPU.Build.0 = Release|Any CPU
	EndGlobalSection
	GlobalSection(SolutionProperties) = preSolution
		HideSolutionNode = FALSE
	EndGlobalSection
	GlobalSection(ExtensibilityGlobals) = postSolution
		SolutionGuid = {F21D81AD-45F8-4AA1-BC6E-EE907D746D13}
	EndGlobalSection
EndGlobal
